
Microsoft Visual Studio Solution File, Format Version 12.00
# Visual Studio 14
VisualStudioVersion = 14.0.25420.1
MinimumVisualStudioVersion = 10.0.40219.1
Project("{FAE04EC0-301F-11D3-BF4B-00C04F79EFBC}") = "Gun_shoot", "Gun_shoot\Gun_shoot.csproj", "{C348F97A-FDE4-40A9-9251-F8329C732125}"
EndProject
Project("{FAE04EC0-301F-11D3-BF4B-00C04F79EFBC}") = "UnitTestProject1", "UnitTestProject1\UnitTestProject1.csproj", "{9BB91318-B27A-460A-AB6B-5B9D632394D3}"
EndProject
Project("{FAE04EC0-301F-11D3-BF4B-00C04F79EFBC}") = "Gun_shootTests", "Gun_shootTests\Gun_shootTests.csproj", "{9DDDE16B-1F47-495E-A911-283DE1C108BF}"
EndProject
Global
	GlobalSection(SolutionConfigurationPlatforms) = preSolution
		Debug|Any CPU = Debug|Any CPU
		Release|Any CPU = Release|Any CPU
	EndGlobalSection
	GlobalSection(ProjectConfigurationPlatforms) = postSolution
		{C348F97A-FDE4-40A9-9251-F8329C732125}.Debug|Any CPU.ActiveCfg = Debug|Any CPU
		{C348F97A-FDE4-40A9-9251-F8329C732125}.Debug|Any CPU.Build.0 = Debug|Any CPU
		{C348F97A-FDE4-40A9-9251-F8329C732125}.Release|Any CPU.ActiveCfg = Release|Any CPU
		{C348F97A-FDE4-40A9-9251-F8329C732125}.Release|Any CPU.Build.0 = Release|Any CPU
		{9BB91318-B27A-460A-AB6B-5B9D632394D3}.Debug|Any CPU.ActiveCfg = Debug|Any CPU
		{9BB91318-B27A-460A-AB6B-5B9D632394D3}.Debug|Any CPU.Build.0 = Debug|Any CPU
		{9BB91318-B27A-460A-AB6B-5B9D632394D3}.Release|Any CPU.ActiveCfg = Release|Any CPU
		{9BB91318-B27A-460A-AB6B-5B9D632394D3}.Release|Any CPU.Build.0 = Release|Any CPU
		{9DDDE16B-1F47-495E-A911-283DE1C108BF}.Debug|Any CPU.ActiveCfg = Debug|Any CPU
		{9DDDE16B-1F47-495E-A911-283DE1C108BF}.Debug|Any CPU.Build.0 = Debug|Any CPU
		{9DDDE16B-1F47-495E-A911-283DE1C108BF}.Release|Any CPU.ActiveCfg = Release|Any CPU
		{9DDDE16B-1F47-495E-A911-283DE1C108BF}.Release|Any CPU.Build.0 = Release|Any CPU
	EndGlobalSection
	GlobalSection(SolutionProperties) = preSolution
		HideSolutionNode = FALSE
	EndGlobalSection
EndGlobal
